
Microsoft Visual Studio Solution File, Format Version 12.00
# Visual Studio Version 16
VisualStudioVersion = 16.0.30503.244
MinimumVisualStudioVersion = 10.0.40219.1
Project("{FAE04EC0-301F-11D3-BF4B-00C04F79EFBC}") = "SchedulingProject", "SchedulingProject\SchedulingProject.csproj", "{BEA3F741-52B8-48F8-9527-74A43C99197D}"
EndProject
Project("{FAE04EC0-301F-11D3-BF4B-00C04F79EFBC}") = "Scheduling.Data", "Scheduling.Data\Scheduling.Data.csproj", "{DD8154DC-B541-427A-9761-09C491532BF2}"
EndProject
Project("{FAE04EC0-301F-11D3-BF4B-00C04F79EFBC}") = "Scheduling.Bussiness", "Scheduling.Bussiness\Scheduling.Bussiness.csproj", "{425DF522-E90B-45A9-81A9-44FB0CEA2F6C}"
EndProject
Global
	GlobalSection(SolutionConfigurationPlatforms) = preSolution
		Debug|Any CPU = Debug|Any CPU
		Release|Any CPU = Release|Any CPU
	EndGlobalSection
	GlobalSection(ProjectConfigurationPlatforms) = postSolution
		{BEA3F741-52B8-48F8-9527-74A43C99197D}.Debug|Any CPU.ActiveCfg = Debug|Any CPU
		{BEA3F741-52B8-48F8-9527-74A43C99197D}.Debug|Any CPU.Build.0 = Debug|Any CPU
		{BEA3F741-52B8-48F8-9527-74A43C99197D}.Release|Any CPU.ActiveCfg = Release|Any CPU
		{BEA3F741-52B8-48F8-9527-74A43C99197D}.Release|Any CPU.Build.0 = Release|Any CPU
		{DD8154DC-B541-427A-9761-09C491532BF2}.Debug|Any CPU.ActiveCfg = Debug|Any CPU
		{DD8154DC-B541-427A-9761-09C491532BF2}.Debug|Any CPU.Build.0 = Debug|Any CPU
		{DD8154DC-B541-427A-9761-09C491532BF2}.Release|Any CPU.ActiveCfg = Release|Any CPU
		{DD8154DC-B541-427A-9761-09C491532BF2}.Release|Any CPU.Build.0 = Release|Any CPU
		{425DF522-E90B-45A9-81A9-44FB0CEA2F6C}.Debug|Any CPU.ActiveCfg = Debug|Any CPU
		{425DF522-E90B-45A9-81A9-44FB0CEA2F6C}.Debug|Any CPU.Build.0 = Debug|Any CPU
		{425DF522-E90B-45A9-81A9-44FB0CEA2F6C}.Release|Any CPU.ActiveCfg = Release|Any CPU
		{425DF522-E90B-45A9-81A9-44FB0CEA2F6C}.Release|Any CPU.Build.0 = Release|Any CPU
	EndGlobalSection
	GlobalSection(SolutionProperties) = preSolution
		HideSolutionNode = FALSE
	EndGlobalSection
	GlobalSection(ExtensibilityGlobals) = postSolution
		SolutionGuid = {AFBE784F-B83F-4844-923E-4451E494A98D}
	EndGlobalSection
EndGlobal
